
Microsoft Visual Studio Solution File, Format Version 12.00
# Visual Studio Version 17
VisualStudioVersion = 17.1.32319.34
MinimumVisualStudioVersion = 10.0.40219.1
Project("{FAE04EC0-301F-11D3-BF4B-00C04F79EFBC}") = "PasswordGenerator", "PasswordGenerator\PasswordGenerator.csproj", "{DED23D9A-AE58-4909-8C2A-2AF990211D5C}"
EndProject
Project("{54435603-DBB4-11D2-8724-00A0C9A8B90C}") = "PasswordGeneratorSetup", "PasswordGeneratorSetup\PasswordGeneratorSetup.vdproj", "{B9441743-833C-484F-953C-FDABB05EE364}"
EndProject
Global
	GlobalSection(SolutionConfigurationPlatforms) = preSolution
		Debug|Any CPU = Debug|Any CPU
		Release|Any CPU = Release|Any CPU
	EndGlobalSection
	GlobalSection(ProjectConfigurationPlatforms) = postSolution
		{DED23D9A-AE58-4909-8C2A-2AF990211D5C}.Debug|Any CPU.ActiveCfg = Debug|Any CPU
		{DED23D9A-AE58-4909-8C2A-2AF990211D5C}.Release|Any CPU.ActiveCfg = Release|Any CPU
		{DED23D9A-AE58-4909-8C2A-2AF990211D5C}.Release|Any CPU.Build.0 = Release|Any CPU
		{B9441743-833C-484F-953C-FDABB05EE364}.Debug|Any CPU.ActiveCfg = Release
		{B9441743-833C-484F-953C-FDABB05EE364}.Release|Any CPU.ActiveCfg = Release
	EndGlobalSection
	GlobalSection(SolutionProperties) = preSolution
		HideSolutionNode = FALSE
	EndGlobalSection
	GlobalSection(ExtensibilityGlobals) = postSolution
		SolutionGuid = {F827C17E-94C9-458A-A1DB-57490B970905}
	EndGlobalSection
EndGlobal
